// !$*UTF8*$!
{
	archiveVersion = 1;
	classes = {
	};
	objectVersion = 46;
	objects = {

/* Begin PBXBuildFile section */
		240C18B520649BBE00349F76 /* PerfectPostgreSQL.swift in Sources */ = {isa = PBXBuildFile; fileRef = 240C18B420649BBE00349F76 /* PerfectPostgreSQL.swift */; };
		240C18BB2068203700349F76 /* SpatialConverter.icns in Resources */ = {isa = PBXBuildFile; fileRef = 240C18BA2068203700349F76 /* SpatialConverter.icns */; };
		24BC103420694A9A00D1DC00 /* ConvertViewController.swift in Sources */ = {isa = PBXBuildFile; fileRef = 24BC103320694A9A00D1DC00 /* ConvertViewController.swift */; };
		24FF34F1206402B8004ADF10 /* DatabaseConnectionsViewController.swift in Sources */ = {isa = PBXBuildFile; fileRef = 24FF34EA206402B7004ADF10 /* DatabaseConnectionsViewController.swift */; };
		24FF34F3206402B8004ADF10 /* AppDelegate.swift in Sources */ = {isa = PBXBuildFile; fileRef = 24FF34EB206402B7004ADF10 /* AppDelegate.swift */; };
		24FF34F5206402B8004ADF10 /* FileDragDestinationView.swift in Sources */ = {isa = PBXBuildFile; fileRef = 24FF34EC206402B8004ADF10 /* FileDragDestinationView.swift */; };
		24FF34F7206402B8004ADF10 /* Utils.swift in Sources */ = {isa = PBXBuildFile; fileRef = 24FF34ED206402B8004ADF10 /* Utils.swift */; };
		24FF34F9206402B8004ADF10 /* ConnectionPropertiesViewController.swift in Sources */ = {isa = PBXBuildFile; fileRef = 24FF34EE206402B8004ADF10 /* ConnectionPropertiesViewController.swift */; };
		24FF34FB206402B8004ADF10 /* BaseViewController.swift in Sources */ = {isa = PBXBuildFile; fileRef = 24FF34EF206402B8004ADF10 /* BaseViewController.swift */; };
		24FF3505206404F3004ADF10 /* DatabaseConnection.swift in Sources */ = {isa = PBXBuildFile; fileRef = 24FF3503206404F3004ADF10 /* DatabaseConnection.swift */; };
		24FF350720640515004ADF10 /* Main.storyboard in Resources */ = {isa = PBXBuildFile; fileRef = 24FF350620640515004ADF10 /* Main.storyboard */; };
		24FF350A20640527004ADF10 /* Assets.xcassets in Resources */ = {isa = PBXBuildFile; fileRef = 24FF350920640527004ADF10 /* Assets.xcassets */; };
		24FF350C2064054A004ADF10 /* DatabaseConnections.storyboard in Resources */ = {isa = PBXBuildFile; fileRef = 24FF350B2064054A004ADF10 /* DatabaseConnections.storyboard */; };
		24FF35122064060C004ADF10 /* Dataset.swift in Sources */ = {isa = PBXBuildFile; fileRef = 24FF350F2064060C004ADF10 /* Dataset.swift */; };
		24FF35132064060C004ADF10 /* Driver.swift in Sources */ = {isa = PBXBuildFile; fileRef = 24FF35102064060C004ADF10 /* Driver.swift */; };
		24FF35142064060C004ADF10 /* GDAL.swift in Sources */ = {isa = PBXBuildFile; fileRef = 24FF35112064060C004ADF10 /* GDAL.swift */; };
		24FF351620640867004ADF10 /* Info.plist in Resources */ = {isa = PBXBuildFile; fileRef = 24FF351520640867004ADF10 /* Info.plist */; };
/* End PBXBuildFile section */

/* Begin PBXFileReference section */
		240C18B420649BBE00349F76 /* PerfectPostgreSQL.swift */ = {isa = PBXFileReference; fileEncoding = 4; lastKnownFileType = sourcecode.swift; name = PerfectPostgreSQL.swift; path = ".build/checkouts/Perfect-PostgreSQL.git--5405562302171386633/Sources/PerfectPostgreSQL.swift"; sourceTree = "<group>"; };
		240C18BA2068203700349F76 /* SpatialConverter.icns */ = {isa = PBXFileReference; lastKnownFileType = image.icns; name = SpatialConverter.icns; path = Resources/SpatialConverter.icns; sourceTree = "<group>"; };
		24BC103320694A9A00D1DC00 /* ConvertViewController.swift */ = {isa = PBXFileReference; lastKnownFileType = sourcecode.swift; path = ConvertViewController.swift; sourceTree = "<group>"; };
		24FF34DA2064028A004ADF10 /* SpatialConverter.app */ = {isa = PBXFileReference; explicitFileType = wrapper.application; includeInIndex = 0; path = SpatialConverter.app; sourceTree = BUILT_PRODUCTS_DIR; };
		24FF34EA206402B7004ADF10 /* DatabaseConnectionsViewController.swift */ = {isa = PBXFileReference; fileEncoding = 4; lastKnownFileType = sourcecode.swift; path = DatabaseConnectionsViewController.swift; sourceTree = "<group>"; };
		24FF34EB206402B7004ADF10 /* AppDelegate.swift */ = {isa = PBXFileReference; fileEncoding = 4; lastKnownFileType = sourcecode.swift; path = AppDelegate.swift; sourceTree = "<group>"; };
		24FF34EC206402B8004ADF10 /* FileDragDestinationView.swift */ = {isa = PBXFileReference; fileEncoding = 4; lastKnownFileType = sourcecode.swift; path = FileDragDestinationView.swift; sourceTree = "<group>"; };
		24FF34ED206402B8004ADF10 /* Utils.swift */ = {isa = PBXFileReference; fileEncoding = 4; lastKnownFileType = sourcecode.swift; path = Utils.swift; sourceTree = "<group>"; };
		24FF34EE206402B8004ADF10 /* ConnectionPropertiesViewController.swift */ = {isa = PBXFileReference; fileEncoding = 4; lastKnownFileType = sourcecode.swift; path = ConnectionPropertiesViewController.swift; sourceTree = "<group>"; };
		24FF34EF206402B8004ADF10 /* BaseViewController.swift */ = {isa = PBXFileReference; fileEncoding = 4; lastKnownFileType = sourcecode.swift; path = BaseViewController.swift; sourceTree = "<group>"; };
		24FF3503206404F3004ADF10 /* DatabaseConnection.swift */ = {isa = PBXFileReference; fileEncoding = 4; lastKnownFileType = sourcecode.swift; path = DatabaseConnection.swift; sourceTree = "<group>"; };
		24FF350620640515004ADF10 /* Main.storyboard */ = {isa = PBXFileReference; fileEncoding = 4; lastKnownFileType = file.storyboard; path = Main.storyboard; sourceTree = "<group>"; };
		24FF350820640521004ADF10 /* SpatialConverter.entitlements */ = {isa = PBXFileReference; lastKnownFileType = text.plist.entitlements; path = SpatialConverter.entitlements; sourceTree = "<group>"; };
		24FF350920640527004ADF10 /* Assets.xcassets */ = {isa = PBXFileReference; lastKnownFileType = folder.assetcatalog; path = Assets.xcassets; sourceTree = "<group>"; };
		24FF350B2064054A004ADF10 /* DatabaseConnections.storyboard */ = {isa = PBXFileReference; fileEncoding = 4; lastKnownFileType = file.storyboard; path = DatabaseConnections.storyboard; sourceTree = "<group>"; };
		24FF350E206405F6004ADF10 /* module.map */ = {isa = PBXFileReference; lastKnownFileType = "sourcecode.module-map"; path = module.map; sourceTree = "<group>"; };
		24FF350F2064060C004ADF10 /* Dataset.swift */ = {isa = PBXFileReference; fileEncoding = 4; lastKnownFileType = sourcecode.swift; path = Dataset.swift; sourceTree = "<group>"; };
		24FF35102064060C004ADF10 /* Driver.swift */ = {isa = PBXFileReference; fileEncoding = 4; lastKnownFileType = sourcecode.swift; path = Driver.swift; sourceTree = "<group>"; };
		24FF35112064060C004ADF10 /* GDAL.swift */ = {isa = PBXFileReference; fileEncoding = 4; lastKnownFileType = sourcecode.swift; path = GDAL.swift; sourceTree = "<group>"; };
		24FF351520640867004ADF10 /* Info.plist */ = {isa = PBXFileReference; fileEncoding = 4; lastKnownFileType = text.plist.xml; path = Info.plist; sourceTree = "<group>"; };
		OBJ_6 /* Package.swift */ = {isa = PBXFileReference; explicitFileType = sourcecode.swift; path = Package.swift; sourceTree = "<group>"; };
/* End PBXFileReference section */

/* Begin PBXGroup section */
		240C18AF20649ADD00349F76 /* Dependencies */ = {
			isa = PBXGroup;
			children = (
				240C18B220649B8700349F76 /* Perfect-PostgreSQL */,
			);
			name = Dependencies;
			sourceTree = "<group>";
		};
		240C18B220649B8700349F76 /* Perfect-PostgreSQL */ = {
			isa = PBXGroup;
			children = (
				240C18B420649BBE00349F76 /* PerfectPostgreSQL.swift */,
			);
			name = "Perfect-PostgreSQL";
			sourceTree = "<group>";
		};
		24FF3502206404DD004ADF10 /* Sources */ = {
			isa = PBXGroup;
			children = (
				24FF350D20640575004ADF10 /* GDAL */,
				OBJ_8 /* SpatialConverter */,
			);
			name = Sources;
			sourceTree = "<group>";
		};
		24FF350D20640575004ADF10 /* GDAL */ = {
			isa = PBXGroup;
			children = (
				24FF350F2064060C004ADF10 /* Dataset.swift */,
				24FF35102064060C004ADF10 /* Driver.swift */,
				24FF35112064060C004ADF10 /* GDAL.swift */,
				24FF350E206405F6004ADF10 /* module.map */,
			);
			path = GDAL;
			sourceTree = "<group>";
		};
		24FF35182064126E004ADF10 /* Frameworks */ = {
			isa = PBXGroup;
			children = (
			);
			name = Frameworks;
			sourceTree = "<group>";
		};
		OBJ_11 /* Products */ = {
			isa = PBXGroup;
			children = (
				24FF34DA2064028A004ADF10 /* SpatialConverter.app */,
			);
			name = Products;
			sourceTree = BUILT_PRODUCTS_DIR;
		};
		OBJ_5 = {
			isa = PBXGroup;
			children = (
				240C18BA2068203700349F76 /* SpatialConverter.icns */,
				240C18AF20649ADD00349F76 /* Dependencies */,
				24FF3502206404DD004ADF10 /* Sources */,
				OBJ_6 /* Package.swift */,
				OBJ_11 /* Products */,
				24FF35182064126E004ADF10 /* Frameworks */,
			);
			sourceTree = "<group>";
		};
		OBJ_8 /* SpatialConverter */ = {
			isa = PBXGroup;
			children = (
				24FF34EB206402B7004ADF10 /* AppDelegate.swift */,
				24FF34EF206402B8004ADF10 /* BaseViewController.swift */,
				24FF34EE206402B8004ADF10 /* ConnectionPropertiesViewController.swift */,
				24FF34EA206402B7004ADF10 /* DatabaseConnectionsViewController.swift */,
				24FF34EC206402B8004ADF10 /* FileDragDestinationView.swift */,
				24FF34ED206402B8004ADF10 /* Utils.swift */,
				24FF351520640867004ADF10 /* Info.plist */,
				24FF3503206404F3004ADF10 /* DatabaseConnection.swift */,
				24FF350620640515004ADF10 /* Main.storyboard */,
				24FF350820640521004ADF10 /* SpatialConverter.entitlements */,
				24FF350920640527004ADF10 /* Assets.xcassets */,
				24FF350B2064054A004ADF10 /* DatabaseConnections.storyboard */,
				24BC103320694A9A00D1DC00 /* ConvertViewController.swift */,
			);
			path = SpatialConverter;
			sourceTree = SOURCE_ROOT;
		};
/* End PBXGroup section */

/* Begin PBXNativeTarget section */
		24FF34D92064028A004ADF10 /* SpatialConverter */ = {
			isa = PBXNativeTarget;
			buildConfigurationList = 24FF34E72064028B004ADF10 /* Build configuration list for PBXNativeTarget "SpatialConverter" */;
			buildPhases = (
				24FF34D62064028A004ADF10 /* Sources */,
				24FF34D82064028A004ADF10 /* Resources */,
			);
			buildRules = (
			);
			dependencies = (
			);
			name = SpatialConverter;
			productName = SpatialConverter;
			productReference = 24FF34DA2064028A004ADF10 /* SpatialConverter.app */;
			productType = "com.apple.product-type.application";
		};
/* End PBXNativeTarget section */

/* Begin PBXProject section */
		OBJ_1 /* Project object */ = {
			isa = PBXProject;
			attributes = {
				LastSwiftUpdateCheck = 0920;
				LastUpgradeCheck = 9999;
				TargetAttributes = {
					24FF34D92064028A004ADF10 = {
						CreatedOnToolsVersion = 9.2;
						ProvisioningStyle = Automatic;
					};
				};
			};
			buildConfigurationList = OBJ_2 /* Build configuration list for PBXProject "SpatialConverter" */;
			compatibilityVersion = "Xcode 3.2";
			developmentRegion = English;
			hasScannedForEncodings = 0;
			knownRegions = (
				en,
				Base,
			);
			mainGroup = OBJ_5;
			productRefGroup = OBJ_11 /* Products */;
			projectDirPath = "";
			projectRoot = "";
			targets = (
				24FF34D92064028A004ADF10 /* SpatialConverter */,
			);
		};
/* End PBXProject section */

/* Begin PBXResourcesBuildPhase section */
		24FF34D82064028A004ADF10 /* Resources */ = {
			isa = PBXResourcesBuildPhase;
			buildActionMask = 2147483647;
			files = (
				24FF351620640867004ADF10 /* Info.plist in Resources */,
				240C18BB2068203700349F76 /* SpatialConverter.icns in Resources */,
				24FF350A20640527004ADF10 /* Assets.xcassets in Resources */,
				24FF350720640515004ADF10 /* Main.storyboard in Resources */,
				24FF350C2064054A004ADF10 /* DatabaseConnections.storyboard in Resources */,
			);
			runOnlyForDeploymentPostprocessing = 0;
		};
/* End PBXResourcesBuildPhase section */

/* Begin PBXSourcesBuildPhase section */
		24FF34D62064028A004ADF10 /* Sources */ = {
			isa = PBXSourcesBuildPhase;
			buildActionMask = 2147483647;
			files = (
				24FF34F7206402B8004ADF10 /* Utils.swift in Sources */,
				24FF3505206404F3004ADF10 /* DatabaseConnection.swift in Sources */,
				24BC103420694A9A00D1DC00 /* ConvertViewController.swift in Sources */,
				24FF34F3206402B8004ADF10 /* AppDelegate.swift in Sources */,
				240C18B520649BBE00349F76 /* PerfectPostgreSQL.swift in Sources */,
				24FF35142064060C004ADF10 /* GDAL.swift in Sources */,
				24FF34F9206402B8004ADF10 /* ConnectionPropertiesViewController.swift in Sources */,
				24FF34F1206402B8004ADF10 /* DatabaseConnectionsViewController.swift in Sources */,
				24FF34FB206402B8004ADF10 /* BaseViewController.swift in Sources */,
				24FF35132064060C004ADF10 /* Driver.swift in Sources */,
				24FF35122064060C004ADF10 /* Dataset.swift in Sources */,
				24FF34F5206402B8004ADF10 /* FileDragDestinationView.swift in Sources */,
			);
			runOnlyForDeploymentPostprocessing = 0;
		};
/* End PBXSourcesBuildPhase section */

/* Begin XCBuildConfiguration section */
		24FF34E82064028B004ADF10 /* Debug */ = {
			isa = XCBuildConfiguration;
			buildSettings = {
				ALWAYS_SEARCH_USER_PATHS = NO;
				ASSETCATALOG_COMPILER_APPICON_NAME = AppIcon;
				CLANG_ANALYZER_NONNULL = YES;
				CLANG_ANALYZER_NUMBER_OBJECT_CONVERSION = YES_AGGRESSIVE;
				CLANG_CXX_LANGUAGE_STANDARD = "gnu++14";
				CLANG_CXX_LIBRARY = "libc++";
				CLANG_ENABLE_MODULES = YES;
				CLANG_WARN_BLOCK_CAPTURE_AUTORELEASING = YES;
				CLANG_WARN_BOOL_CONVERSION = YES;
				CLANG_WARN_COMMA = YES;
				CLANG_WARN_CONSTANT_CONVERSION = YES;
				CLANG_WARN_DIRECT_OBJC_ISA_USAGE = YES_ERROR;
				CLANG_WARN_DOCUMENTATION_COMMENTS = YES;
				CLANG_WARN_EMPTY_BODY = YES;
				CLANG_WARN_ENUM_CONVERSION = YES;
				CLANG_WARN_INFINITE_RECURSION = YES;
				CLANG_WARN_INT_CONVERSION = YES;
				CLANG_WARN_NON_LITERAL_NULL_CONVERSION = YES;
				CLANG_WARN_OBJC_LITERAL_CONVERSION = YES;
				CLANG_WARN_OBJC_ROOT_CLASS = YES_ERROR;
				CLANG_WARN_RANGE_LOOP_ANALYSIS = YES;
				CLANG_WARN_STRICT_PROTOTYPES = YES;
				CLANG_WARN_SUSPICIOUS_MOVE = YES;
				CLANG_WARN_UNGUARDED_AVAILABILITY = YES_AGGRESSIVE;
				CLANG_WARN_UNREACHABLE_CODE = YES;
				CLANG_WARN__DUPLICATE_METHOD_MATCH = YES;
				CODE_SIGN_ENTITLEMENTS = SpatialConverter/SpatialConverter.entitlements;
				CODE_SIGN_IDENTITY = "-";
				CODE_SIGN_STYLE = Automatic;
				COMBINE_HIDPI_IMAGES = YES;
				ENABLE_STRICT_OBJC_MSGSEND = YES;
				ENABLE_TESTABILITY = YES;
				GCC_C_LANGUAGE_STANDARD = gnu11;
				GCC_DYNAMIC_NO_PIC = NO;
				GCC_NO_COMMON_BLOCKS = YES;
				GCC_PREPROCESSOR_DEFINITIONS = (
					"DEBUG=1",
					"$(inherited)",
				);
				GCC_WARN_64_TO_32_BIT_CONVERSION = YES;
				GCC_WARN_ABOUT_RETURN_TYPE = YES_ERROR;
				GCC_WARN_UNDECLARED_SELECTOR = YES;
				GCC_WARN_UNINITIALIZED_AUTOS = YES_AGGRESSIVE;
				GCC_WARN_UNUSED_FUNCTION = YES;
				GCC_WARN_UNUSED_VARIABLE = YES;
				HEADER_SEARCH_PATHS = /usr/local/include;
				INFOPLIST_FILE = SpatialConverter/Info.plist;
				LD_RUNPATH_SEARCH_PATHS = "$(inherited) @executable_path/../Frameworks";
				LIBRARY_SEARCH_PATHS = (
					"$(PROJECT_DIR)/GDAL",
					/usr/local/lib,
					.,
				);
				MACOSX_DEPLOYMENT_TARGET = 10.12;
				MTL_ENABLE_DEBUG_INFO = YES;
				PRODUCT_BUNDLE_IDENTIFIER = com.nikmolnar.SpatialConverter;
				PRODUCT_NAME = "$(TARGET_NAME)";
				SWIFT_ACTIVE_COMPILATION_CONDITIONS = DEBUG;
				SWIFT_INCLUDE_PATHS = "$(PROJECT_DIR)/GDAL $(PROJECT_DIR)/.build/checkouts/**";
				SWIFT_VERSION = 4.0;
			};
			name = Debug;
		};
		24FF34E92064028B004ADF10 /* Release */ = {
			isa = XCBuildConfiguration;
			buildSettings = {
				ALWAYS_SEARCH_USER_PATHS = NO;
				ASSETCATALOG_COMPILER_APPICON_NAME = AppIcon;
				CLANG_ANALYZER_NONNULL = YES;
				CLANG_ANALYZER_NUMBER_OBJECT_CONVERSION = YES_AGGRESSIVE;
				CLANG_CXX_LANGUAGE_STANDARD = "gnu++14";
				CLANG_CXX_LIBRARY = "libc++";
				CLANG_ENABLE_MODULES = YES;
				CLANG_WARN_BLOCK_CAPTURE_AUTORELEASING = YES;
				CLANG_WARN_BOOL_CONVERSION = YES;
				CLANG_WARN_COMMA = YES;
				CLANG_WARN_CONSTANT_CONVERSION = YES;
				CLANG_WARN_DIRECT_OBJC_ISA_USAGE = YES_ERROR;
				CLANG_WARN_DOCUMENTATION_COMMENTS = YES;
				CLANG_WARN_EMPTY_BODY = YES;
				CLANG_WARN_ENUM_CONVERSION = YES;
				CLANG_WARN_INFINITE_RECURSION = YES;
				CLANG_WARN_INT_CONVERSION = YES;
				CLANG_WARN_NON_LITERAL_NULL_CONVERSION = YES;
				CLANG_WARN_OBJC_LITERAL_CONVERSION = YES;
				CLANG_WARN_OBJC_ROOT_CLASS = YES_ERROR;
				CLANG_WARN_RANGE_LOOP_ANALYSIS = YES;
				CLANG_WARN_STRICT_PROTOTYPES = YES;
				CLANG_WARN_SUSPICIOUS_MOVE = YES;
				CLANG_WARN_UNGUARDED_AVAILABILITY = YES_AGGRESSIVE;
				CLANG_WARN_UNREACHABLE_CODE = YES;
				CLANG_WARN__DUPLICATE_METHOD_MATCH = YES;
				CODE_SIGN_ENTITLEMENTS = SpatialConverter/SpatialConverter.entitlements;
				CODE_SIGN_IDENTITY = "-";
				CODE_SIGN_STYLE = Automatic;
				COMBINE_HIDPI_IMAGES = YES;
				COPY_PHASE_STRIP = NO;
				ENABLE_NS_ASSERTIONS = NO;
				ENABLE_STRICT_OBJC_MSGSEND = YES;
				GCC_C_LANGUAGE_STANDARD = gnu11;
				GCC_NO_COMMON_BLOCKS = YES;
				GCC_WARN_64_TO_32_BIT_CONVERSION = YES;
				GCC_WARN_ABOUT_RETURN_TYPE = YES_ERROR;
				GCC_WARN_UNDECLARED_SELECTOR = YES;
				GCC_WARN_UNINITIALIZED_AUTOS = YES_AGGRESSIVE;
				GCC_WARN_UNUSED_FUNCTION = YES;
				GCC_WARN_UNUSED_VARIABLE = YES;
				HEADER_SEARCH_PATHS = /usr/local/include;
				INFOPLIST_FILE = SpatialConverter/Info.plist;
				LD_RUNPATH_SEARCH_PATHS = "$(inherited) @executable_path/../Frameworks";
				LIBRARY_SEARCH_PATHS = (
					"$(PROJECT_DIR)/GDAL",
					/usr/local/lib,
					.,
				);
				MACOSX_DEPLOYMENT_TARGET = 10.12;
				MTL_ENABLE_DEBUG_INFO = NO;
				PRODUCT_BUNDLE_IDENTIFIER = com.nikmolnar.SpatialConverter;
				PRODUCT_NAME = "$(TARGET_NAME)";
				SWIFT_INCLUDE_PATHS = "$(PROJECT_DIR)/GDAL $(PROJECT_DIR)/.build/checkouts/**";
				SWIFT_VERSION = 4.0;
			};
			name = Release;
		};
		OBJ_3 /* Debug */ = {
			isa = XCBuildConfiguration;
			buildSettings = {
				CLANG_ENABLE_OBJC_ARC = YES;
				COMBINE_HIDPI_IMAGES = YES;
				COPY_PHASE_STRIP = NO;
				DEBUG_INFORMATION_FORMAT = dwarf;
				DYLIB_INSTALL_NAME_BASE = "@rpath";
				ENABLE_NS_ASSERTIONS = YES;
				GCC_OPTIMIZATION_LEVEL = 0;
				MACOSX_DEPLOYMENT_TARGET = 10.10;
				ONLY_ACTIVE_ARCH = YES;
				OTHER_SWIFT_FLAGS = "-DXcode";
				PRODUCT_NAME = "$(TARGET_NAME)";
				SDKROOT = macosx;
				SUPPORTED_PLATFORMS = "macosx iphoneos iphonesimulator appletvos appletvsimulator watchos watchsimulator";
				SWIFT_ACTIVE_COMPILATION_CONDITIONS = SWIFT_PACKAGE;
				SWIFT_OPTIMIZATION_LEVEL = "-Onone";
				USE_HEADERMAP = NO;
			};
			name = Debug;
		};
		OBJ_4 /* Release */ = {
			isa = XCBuildConfiguration;
			buildSettings = {
				CLANG_ENABLE_OBJC_ARC = YES;
				COMBINE_HIDPI_IMAGES = YES;
				COPY_PHASE_STRIP = YES;
				DEBUG_INFORMATION_FORMAT = "dwarf-with-dsym";
				DYLIB_INSTALL_NAME_BASE = "@rpath";
				GCC_OPTIMIZATION_LEVEL = s;
				MACOSX_DEPLOYMENT_TARGET = 10.10;
				OTHER_SWIFT_FLAGS = "-DXcode";
				PRODUCT_NAME = "$(TARGET_NAME)";
				SDKROOT = macosx;
				SUPPORTED_PLATFORMS = "macosx iphoneos iphonesimulator appletvos appletvsimulator watchos watchsimulator";
				SWIFT_ACTIVE_COMPILATION_CONDITIONS = SWIFT_PACKAGE;
				SWIFT_OPTIMIZATION_LEVEL = "-Owholemodule";
				USE_HEADERMAP = NO;
			};
			name = Release;
		};
/* End XCBuildConfiguration section */

/* Begin XCConfigurationList section */
		24FF34E72064028B004ADF10 /* Build configuration list for PBXNativeTarget "SpatialConverter" */ = {
			isa = XCConfigurationList;
			buildConfigurations = (
				24FF34E82064028B004ADF10 /* Debug */,
				24FF34E92064028B004ADF10 /* Release */,
			);
			defaultConfigurationIsVisible = 0;
			defaultConfigurationName = Debug;
		};
		OBJ_2 /* Build configuration list for PBXProject "SpatialConverter" */ = {
			isa = XCConfigurationList;
			buildConfigurations = (
				OBJ_3 /* Debug */,
				OBJ_4 /* Release */,
			);
			defaultConfigurationIsVisible = 0;
			defaultConfigurationName = Debug;
		};
/* End XCConfigurationList section */
	};
	rootObject = OBJ_1 /* Project object */;
}
